// !$*UTF8*$!
{
	archiveVersion = 1;
	classes = {
	};
	objectVersion = 56;
	objects = {

/* Begin PBXBuildFile section */
		1700D3FD2B1E130A0095DF77 /* AnimalDetailView.swift in Sources */ = {isa = PBXBuildFile; fileRef = 1700D3FC2B1E130A0095DF77 /* AnimalDetailView.swift */; };
		1700D3FF2B1E17A80095DF77 /* HeadingView.swift in Sources */ = {isa = PBXBuildFile; fileRef = 1700D3FE2B1E17A80095DF77 /* HeadingView.swift */; };
		1700D4012B1E19650095DF77 /* InsetGalleryView.swift in Sources */ = {isa = PBXBuildFile; fileRef = 1700D4002B1E19650095DF77 /* InsetGalleryView.swift */; };
		1731382F2B2DBBD900036093 /* CenterModifier.swift in Sources */ = {isa = PBXBuildFile; fileRef = 1731382E2B2DBBD900036093 /* CenterModifier.swift */; };
		173C4E552B160F6000576AF9 /* AfricaApp.swift in Sources */ = {isa = PBXBuildFile; fileRef = 173C4E542B160F6000576AF9 /* AfricaApp.swift */; };
		173C4E572B160F6000576AF9 /* ContentView.swift in Sources */ = {isa = PBXBuildFile; fileRef = 173C4E562B160F6000576AF9 /* ContentView.swift */; };
		173C4E592B160F6200576AF9 /* Assets.xcassets in Resources */ = {isa = PBXBuildFile; fileRef = 173C4E582B160F6200576AF9 /* Assets.xcassets */; };
		173C4E5C2B160F6200576AF9 /* Preview Assets.xcassets in Resources */ = {isa = PBXBuildFile; fileRef = 173C4E5B2B160F6200576AF9 /* Preview Assets.xcassets */; };
		173C4E6D2B16121000576AF9 /* elephant.mp4 in Resources */ = {isa = PBXBuildFile; fileRef = 173C4E632B16120D00576AF9 /* elephant.mp4 */; };
		173C4E6E2B16121000576AF9 /* giraffe.mp4 in Resources */ = {isa = PBXBuildFile; fileRef = 173C4E642B16120E00576AF9 /* giraffe.mp4 */; };
		173C4E6F2B16121000576AF9 /* lioness.mp4 in Resources */ = {isa = PBXBuildFile; fileRef = 173C4E652B16120E00576AF9 /* lioness.mp4 */; };
		173C4E702B16121000576AF9 /* zebra.mp4 in Resources */ = {isa = PBXBuildFile; fileRef = 173C4E662B16120E00576AF9 /* zebra.mp4 */; };
		173C4E712B16121000576AF9 /* hippo.mp4 in Resources */ = {isa = PBXBuildFile; fileRef = 173C4E672B16120F00576AF9 /* hippo.mp4 */; };
		173C4E722B16121000576AF9 /* ostrich.mp4 in Resources */ = {isa = PBXBuildFile; fileRef = 173C4E682B16120F00576AF9 /* ostrich.mp4 */; };
		173C4E732B16121000576AF9 /* lion.mp4 in Resources */ = {isa = PBXBuildFile; fileRef = 173C4E692B16120F00576AF9 /* lion.mp4 */; };
		173C4E742B16121000576AF9 /* rhino.mp4 in Resources */ = {isa = PBXBuildFile; fileRef = 173C4E6A2B16120F00576AF9 /* rhino.mp4 */; };
		173C4E752B16121000576AF9 /* cheetah.mp4 in Resources */ = {isa = PBXBuildFile; fileRef = 173C4E6B2B16121000576AF9 /* cheetah.mp4 */; };
		173C4E762B16121000576AF9 /* gorilla.mp4 in Resources */ = {isa = PBXBuildFile; fileRef = 173C4E6C2B16121000576AF9 /* gorilla.mp4 */; };
		173C4E7C2B16128600576AF9 /* videos.json in Resources */ = {isa = PBXBuildFile; fileRef = 173C4E782B16128600576AF9 /* videos.json */; };
		173C4E7D2B16128600576AF9 /* animals.json in Resources */ = {isa = PBXBuildFile; fileRef = 173C4E792B16128600576AF9 /* animals.json */; };
		173C4E7E2B16128600576AF9 /* locations.json in Resources */ = {isa = PBXBuildFile; fileRef = 173C4E7A2B16128600576AF9 /* locations.json */; };
		173C4E7F2B16128600576AF9 /* covers.json in Resources */ = {isa = PBXBuildFile; fileRef = 173C4E7B2B16128600576AF9 /* covers.json */; };
		173C4E832B16151F00576AF9 /* VideoListView.swift in Sources */ = {isa = PBXBuildFile; fileRef = 173C4E822B16151F00576AF9 /* VideoListView.swift */; };
		173C4E852B16153A00576AF9 /* MapView.swift in Sources */ = {isa = PBXBuildFile; fileRef = 173C4E842B16153A00576AF9 /* MapView.swift */; };
		173C4E872B16154900576AF9 /* GalleryView.swift in Sources */ = {isa = PBXBuildFile; fileRef = 173C4E862B16154900576AF9 /* GalleryView.swift */; };
		173C4E892B16157200576AF9 /* MainView.swift in Sources */ = {isa = PBXBuildFile; fileRef = 173C4E882B16157200576AF9 /* MainView.swift */; };
		173C4E8C2B161BA800576AF9 /* CoverImageView.swift in Sources */ = {isa = PBXBuildFile; fileRef = 173C4E8B2B161BA800576AF9 /* CoverImageView.swift */; };
		173C4E8F2B161E7C00576AF9 /* CoverImageModel.swift in Sources */ = {isa = PBXBuildFile; fileRef = 173C4E8E2B161E7C00576AF9 /* CoverImageModel.swift */; };
		173C4E922B16203F00576AF9 /* CodableBundleExtension.swift in Sources */ = {isa = PBXBuildFile; fileRef = 173C4E912B16203F00576AF9 /* CodableBundleExtension.swift */; };
		173C4E942B1626FD00576AF9 /* AnimalListItemView.swift in Sources */ = {isa = PBXBuildFile; fileRef = 173C4E932B1626FD00576AF9 /* AnimalListItemView.swift */; };
		173C4E962B16291400576AF9 /* AnimalModel.swift in Sources */ = {isa = PBXBuildFile; fileRef = 173C4E952B16291400576AF9 /* AnimalModel.swift */; };
		174FE2022B22714400A60AC0 /* AnimalGridItemView.swift in Sources */ = {isa = PBXBuildFile; fileRef = 174FE2012B22714400A60AC0 /* AnimalGridItemView.swift */; };
		174FE2082B2279E800A60AC0 /* Stickers.xcassets in Resources */ = {isa = PBXBuildFile; fileRef = 174FE2072B2279E800A60AC0 /* Stickers.xcassets */; };
		174FE20C2B2279E800A60AC0 /* Stickers.appex in Embed Foundation Extensions */ = {isa = PBXBuildFile; fileRef = 174FE2052B2279E500A60AC0 /* Stickers.appex */; settings = {ATTRIBUTES = (RemoveHeadersOnCopy, ); }; };
		176888DB2B1E2C8600130A29 /* InsetFactView.swift in Sources */ = {isa = PBXBuildFile; fileRef = 176888DA2B1E2C8600130A29 /* InsetFactView.swift */; };
		176888DD2B1E308B00130A29 /* InsetMapView.swift in Sources */ = {isa = PBXBuildFile; fileRef = 176888DC2B1E308B00130A29 /* InsetMapView.swift */; };
		176888DF2B1E34A100130A29 /* ExternalWeblinkView.swift in Sources */ = {isa = PBXBuildFile; fileRef = 176888DE2B1E34A100130A29 /* ExternalWeblinkView.swift */; };
		176888E12B1E411600130A29 /* VideoModel.swift in Sources */ = {isa = PBXBuildFile; fileRef = 176888E02B1E411600130A29 /* VideoModel.swift */; };
		176888E32B1E41E700130A29 /* VideoListItemView.swift in Sources */ = {isa = PBXBuildFile; fileRef = 176888E22B1E41E700130A29 /* VideoListItemView.swift */; };
		176888E52B1E4DF300130A29 /* VideoPlayerView.swift in Sources */ = {isa = PBXBuildFile; fileRef = 176888E42B1E4DF300130A29 /* VideoPlayerView.swift */; };
		176888E82B1E4F4200130A29 /* VideoPlayerHelper.swift in Sources */ = {isa = PBXBuildFile; fileRef = 176888E72B1E4F4200130A29 /* VideoPlayerHelper.swift */; };
		176888EA2B1E561700130A29 /* LocationModel.swift in Sources */ = {isa = PBXBuildFile; fileRef = 176888E92B1E561700130A29 /* LocationModel.swift */; };
		176888EC2B1E5E7C00130A29 /* MapAnnotationView.swift in Sources */ = {isa = PBXBuildFile; fileRef = 176888EB2B1E5E7C00130A29 /* MapAnnotationView.swift */; };
		176888EE2B1E79AC00130A29 /* MotionAnimationView.swift in Sources */ = {isa = PBXBuildFile; fileRef = 176888ED2B1E79AC00130A29 /* MotionAnimationView.swift */; };
		176D8F892B2DB7C700DAD47F /* Credits.swift in Sources */ = {isa = PBXBuildFile; fileRef = 176D8F882B2DB7C700DAD47F /* Credits.swift */; };
/* End PBXBuildFile section */

/* Begin PBXContainerItemProxy section */
		174FE20A2B2279E800A60AC0 /* PBXContainerItemProxy */ = {
			isa = PBXContainerItemProxy;
			containerPortal = 173C4E492B160F6000576AF9 /* Project object */;
			proxyType = 1;
			remoteGlobalIDString = 174FE2042B2279E500A60AC0;
			remoteInfo = Stickers;
		};
/* End PBXContainerItemProxy section */

/* Begin PBXCopyFilesBuildPhase section */
		174FE2102B2279E800A60AC0 /* Embed Foundation Extensions */ = {
			isa = PBXCopyFilesBuildPhase;
			buildActionMask = 2147483647;
			dstPath = "";
			dstSubfolderSpec = 13;
			files = (
				174FE20C2B2279E800A60AC0 /* Stickers.appex in Embed Foundation Extensions */,
			);
			name = "Embed Foundation Extensions";
			runOnlyForDeploymentPostprocessing = 0;
		};
/* End PBXCopyFilesBuildPhase section */

/* Begin PBXFileReference section */
		1700D3FC2B1E130A0095DF77 /* AnimalDetailView.swift */ = {isa = PBXFileReference; lastKnownFileType = sourcecode.swift; path = AnimalDetailView.swift; sourceTree = "<group>"; };
		1700D3FE2B1E17A80095DF77 /* HeadingView.swift */ = {isa = PBXFileReference; lastKnownFileType = sourcecode.swift; path = HeadingView.swift; sourceTree = "<group>"; };
		1700D4002B1E19650095DF77 /* InsetGalleryView.swift */ = {isa = PBXFileReference; lastKnownFileType = sourcecode.swift; path = InsetGalleryView.swift; sourceTree = "<group>"; };
		1731382E2B2DBBD900036093 /* CenterModifier.swift */ = {isa = PBXFileReference; lastKnownFileType = sourcecode.swift; path = CenterModifier.swift; sourceTree = "<group>"; };
		173C4E512B160F6000576AF9 /* Africa.app */ = {isa = PBXFileReference; explicitFileType = wrapper.application; includeInIndex = 0; path = Africa.app; sourceTree = BUILT_PRODUCTS_DIR; };
		173C4E542B160F6000576AF9 /* AfricaApp.swift */ = {isa = PBXFileReference; lastKnownFileType = sourcecode.swift; path = AfricaApp.swift; sourceTree = "<group>"; };
		173C4E562B160F6000576AF9 /* ContentView.swift */ = {isa = PBXFileReference; lastKnownFileType = sourcecode.swift; path = ContentView.swift; sourceTree = "<group>"; };
		173C4E582B160F6200576AF9 /* Assets.xcassets */ = {isa = PBXFileReference; lastKnownFileType = folder.assetcatalog; path = Assets.xcassets; sourceTree = "<group>"; };
		173C4E5B2B160F6200576AF9 /* Preview Assets.xcassets */ = {isa = PBXFileReference; lastKnownFileType = folder.assetcatalog; path = "Preview Assets.xcassets"; sourceTree = "<group>"; };
		173C4E632B16120D00576AF9 /* elephant.mp4 */ = {isa = PBXFileReference; lastKnownFileType = file; path = elephant.mp4; sourceTree = "<group>"; };
		173C4E642B16120E00576AF9 /* giraffe.mp4 */ = {isa = PBXFileReference; lastKnownFileType = file; path = giraffe.mp4; sourceTree = "<group>"; };
		173C4E652B16120E00576AF9 /* lioness.mp4 */ = {isa = PBXFileReference; lastKnownFileType = file; path = lioness.mp4; sourceTree = "<group>"; };
		173C4E662B16120E00576AF9 /* zebra.mp4 */ = {isa = PBXFileReference; lastKnownFileType = file; path = zebra.mp4; sourceTree = "<group>"; };
		173C4E672B16120F00576AF9 /* hippo.mp4 */ = {isa = PBXFileReference; lastKnownFileType = file; path = hippo.mp4; sourceTree = "<group>"; };
		173C4E682B16120F00576AF9 /* ostrich.mp4 */ = {isa = PBXFileReference; lastKnownFileType = file; path = ostrich.mp4; sourceTree = "<group>"; };
		173C4E692B16120F00576AF9 /* lion.mp4 */ = {isa = PBXFileReference; lastKnownFileType = file; path = lion.mp4; sourceTree = "<group>"; };
		173C4E6A2B16120F00576AF9 /* rhino.mp4 */ = {isa = PBXFileReference; lastKnownFileType = file; path = rhino.mp4; sourceTree = "<group>"; };
		173C4E6B2B16121000576AF9 /* cheetah.mp4 */ = {isa = PBXFileReference; lastKnownFileType = file; path = cheetah.mp4; sourceTree = "<group>"; };
		173C4E6C2B16121000576AF9 /* gorilla.mp4 */ = {isa = PBXFileReference; lastKnownFileType = file; path = gorilla.mp4; sourceTree = "<group>"; };
		173C4E782B16128600576AF9 /* videos.json */ = {isa = PBXFileReference; fileEncoding = 4; lastKnownFileType = text.json; path = videos.json; sourceTree = "<group>"; };
		173C4E792B16128600576AF9 /* animals.json */ = {isa = PBXFileReference; fileEncoding = 4; lastKnownFileType = text.json; path = animals.json; sourceTree = "<group>"; };
		173C4E7A2B16128600576AF9 /* locations.json */ = {isa = PBXFileReference; fileEncoding = 4; lastKnownFileType = text.json; path = locations.json; sourceTree = "<group>"; };
		173C4E7B2B16128600576AF9 /* covers.json */ = {isa = PBXFileReference; fileEncoding = 4; lastKnownFileType = text.json; path = covers.json; sourceTree = "<group>"; };
		173C4E802B16135D00576AF9 /* Info.plist */ = {isa = PBXFileReference; lastKnownFileType = text.plist; path = Info.plist; sourceTree = "<group>"; };
		173C4E822B16151F00576AF9 /* VideoListView.swift */ = {isa = PBXFileReference; lastKnownFileType = sourcecode.swift; path = VideoListView.swift; sourceTree = "<group>"; };
		173C4E842B16153A00576AF9 /* MapView.swift */ = {isa = PBXFileReference; lastKnownFileType = sourcecode.swift; path = MapView.swift; sourceTree = "<group>"; };
		173C4E862B16154900576AF9 /* GalleryView.swift */ = {isa = PBXFileReference; lastKnownFileType = sourcecode.swift; path = GalleryView.swift; sourceTree = "<group>"; };
		173C4E882B16157200576AF9 /* MainView.swift */ = {isa = PBXFileReference; lastKnownFileType = sourcecode.swift; path = MainView.swift; sourceTree = "<group>"; };
		173C4E8B2B161BA800576AF9 /* CoverImageView.swift */ = {isa = PBXFileReference; lastKnownFileType = sourcecode.swift; path = CoverImageView.swift; sourceTree = "<group>"; };
		173C4E8E2B161E7C00576AF9 /* CoverImageModel.swift */ = {isa = PBXFileReference; lastKnownFileType = sourcecode.swift; path = CoverImageModel.swift; sourceTree = "<group>"; };
		173C4E912B16203F00576AF9 /* CodableBundleExtension.swift */ = {isa = PBXFileReference; lastKnownFileType = sourcecode.swift; path = CodableBundleExtension.swift; sourceTree = "<group>"; };
		173C4E932B1626FD00576AF9 /* AnimalListItemView.swift */ = {isa = PBXFileReference; lastKnownFileType = sourcecode.swift; path = AnimalListItemView.swift; sourceTree = "<group>"; };
		173C4E952B16291400576AF9 /* AnimalModel.swift */ = {isa = PBXFileReference; lastKnownFileType = sourcecode.swift; path = AnimalModel.swift; sourceTree = "<group>"; };
		174FE2012B22714400A60AC0 /* AnimalGridItemView.swift */ = {isa = PBXFileReference; lastKnownFileType = sourcecode.swift; path = AnimalGridItemView.swift; sourceTree = "<group>"; };
		174FE2052B2279E500A60AC0 /* Stickers.appex */ = {isa = PBXFileReference; explicitFileType = "wrapper.app-extension"; includeInIndex = 0; path = Stickers.appex; sourceTree = BUILT_PRODUCTS_DIR; };
		174FE2072B2279E800A60AC0 /* Stickers.xcassets */ = {isa = PBXFileReference; lastKnownFileType = folder.assetcatalog; path = Stickers.xcassets; sourceTree = "<group>"; };
		174FE2092B2279E800A60AC0 /* Info.plist */ = {isa = PBXFileReference; lastKnownFileType = text.plist.xml; path = Info.plist; sourceTree = "<group>"; };
		176888DA2B1E2C8600130A29 /* InsetFactView.swift */ = {isa = PBXFileReference; lastKnownFileType = sourcecode.swift; path = InsetFactView.swift; sourceTree = "<group>"; };
		176888DC2B1E308B00130A29 /* InsetMapView.swift */ = {isa = PBXFileReference; lastKnownFileType = sourcecode.swift; path = InsetMapView.swift; sourceTree = "<group>"; };
		176888DE2B1E34A100130A29 /* ExternalWeblinkView.swift */ = {isa = PBXFileReference; lastKnownFileType = sourcecode.swift; path = ExternalWeblinkView.swift; sourceTree = "<group>"; };
		176888E02B1E411600130A29 /* VideoModel.swift */ = {isa = PBXFileReference; lastKnownFileType = sourcecode.swift; path = VideoModel.swift; sourceTree = "<group>"; };
		176888E22B1E41E700130A29 /* VideoListItemView.swift */ = {isa = PBXFileReference; lastKnownFileType = sourcecode.swift; path = VideoListItemView.swift; sourceTree = "<group>"; };
		176888E42B1E4DF300130A29 /* VideoPlayerView.swift */ = {isa = PBXFileReference; lastKnownFileType = sourcecode.swift; path = VideoPlayerView.swift; sourceTree = "<group>"; };
		176888E72B1E4F4200130A29 /* VideoPlayerHelper.swift */ = {isa = PBXFileReference; lastKnownFileType = sourcecode.swift; path = VideoPlayerHelper.swift; sourceTree = "<group>"; };
		176888E92B1E561700130A29 /* LocationModel.swift */ = {isa = PBXFileReference; lastKnownFileType = sourcecode.swift; path = LocationModel.swift; sourceTree = "<group>"; };
		176888EB2B1E5E7C00130A29 /* MapAnnotationView.swift */ = {isa = PBXFileReference; lastKnownFileType = sourcecode.swift; path = MapAnnotationView.swift; sourceTree = "<group>"; };
		176888ED2B1E79AC00130A29 /* MotionAnimationView.swift */ = {isa = PBXFileReference; lastKnownFileType = sourcecode.swift; path = MotionAnimationView.swift; sourceTree = "<group>"; };
		176D8F882B2DB7C700DAD47F /* Credits.swift */ = {isa = PBXFileReference; lastKnownFileType = sourcecode.swift; path = Credits.swift; sourceTree = "<group>"; };
/* End PBXFileReference section */

/* Begin PBXFrameworksBuildPhase section */
		173C4E4E2B160F6000576AF9 /* Frameworks */ = {
			isa = PBXFrameworksBuildPhase;
			buildActionMask = 2147483647;
			files = (
			);
			runOnlyForDeploymentPostprocessing = 0;
		};
/* End PBXFrameworksBuildPhase section */

/* Begin PBXGroup section */
		1731382D2B2DBBBE00036093 /* Modifier */ = {
			isa = PBXGroup;
			children = (
				1731382E2B2DBBD900036093 /* CenterModifier.swift */,
			);
			path = Modifier;
			sourceTree = "<group>";
		};
		173C4E482B160F6000576AF9 = {
			isa = PBXGroup;
			children = (
				173C4E532B160F6000576AF9 /* Africa */,
				174FE2062B2279E500A60AC0 /* Stickers */,
				173C4E522B160F6000576AF9 /* Products */,
			);
			sourceTree = "<group>";
		};
		173C4E522B160F6000576AF9 /* Products */ = {
			isa = PBXGroup;
			children = (
				173C4E512B160F6000576AF9 /* Africa.app */,
				174FE2052B2279E500A60AC0 /* Stickers.appex */,
			);
			name = Products;
			sourceTree = "<group>";
		};
		173C4E532B160F6000576AF9 /* Africa */ = {
			isa = PBXGroup;
			children = (
				1731382D2B2DBBBE00036093 /* Modifier */,
				176888E62B1E4F2A00130A29 /* Helper */,
				173C4E902B16201600576AF9 /* Extension */,
				173C4E8D2B161E6200576AF9 /* Model */,
				173C4E8A2B161B8800576AF9 /* View */,
				173C4E802B16135D00576AF9 /* Info.plist */,
				173C4E772B16126700576AF9 /* Data */,
				173C4E622B1611DF00576AF9 /* Video */,
				173C4E812B1614C800576AF9 /* App */,
				173C4E582B160F6200576AF9 /* Assets.xcassets */,
				173C4E5A2B160F6200576AF9 /* Preview Content */,
			);
			path = Africa;
			sourceTree = "<group>";
		};
		173C4E5A2B160F6200576AF9 /* Preview Content */ = {
			isa = PBXGroup;
			children = (
				173C4E5B2B160F6200576AF9 /* Preview Assets.xcassets */,
			);
			path = "Preview Content";
			sourceTree = "<group>";
		};
		173C4E622B1611DF00576AF9 /* Video */ = {
			isa = PBXGroup;
			children = (
				173C4E6B2B16121000576AF9 /* cheetah.mp4 */,
				173C4E632B16120D00576AF9 /* elephant.mp4 */,
				173C4E642B16120E00576AF9 /* giraffe.mp4 */,
				173C4E6C2B16121000576AF9 /* gorilla.mp4 */,
				173C4E672B16120F00576AF9 /* hippo.mp4 */,
				173C4E692B16120F00576AF9 /* lion.mp4 */,
				173C4E652B16120E00576AF9 /* lioness.mp4 */,
				173C4E682B16120F00576AF9 /* ostrich.mp4 */,
				173C4E6A2B16120F00576AF9 /* rhino.mp4 */,
				173C4E662B16120E00576AF9 /* zebra.mp4 */,
			);
			path = Video;
			sourceTree = "<group>";
		};
		173C4E772B16126700576AF9 /* Data */ = {
			isa = PBXGroup;
			children = (
				173C4E792B16128600576AF9 /* animals.json */,
				173C4E7B2B16128600576AF9 /* covers.json */,
				173C4E7A2B16128600576AF9 /* locations.json */,
				173C4E782B16128600576AF9 /* videos.json */,
			);
			path = Data;
			sourceTree = "<group>";
		};
		173C4E812B1614C800576AF9 /* App */ = {
			isa = PBXGroup;
			children = (
				173C4E542B160F6000576AF9 /* AfricaApp.swift */,
				173C4E562B160F6000576AF9 /* ContentView.swift */,
				173C4E822B16151F00576AF9 /* VideoListView.swift */,
				173C4E842B16153A00576AF9 /* MapView.swift */,
				173C4E862B16154900576AF9 /* GalleryView.swift */,
				173C4E882B16157200576AF9 /* MainView.swift */,
			);
			path = App;
			sourceTree = "<group>";
		};
		173C4E8A2B161B8800576AF9 /* View */ = {
			isa = PBXGroup;
			children = (
				173C4E8B2B161BA800576AF9 /* CoverImageView.swift */,
				173C4E932B1626FD00576AF9 /* AnimalListItemView.swift */,
				1700D3FC2B1E130A0095DF77 /* AnimalDetailView.swift */,
				1700D3FE2B1E17A80095DF77 /* HeadingView.swift */,
				1700D4002B1E19650095DF77 /* InsetGalleryView.swift */,
				176888DA2B1E2C8600130A29 /* InsetFactView.swift */,
				176888DC2B1E308B00130A29 /* InsetMapView.swift */,
				176888DE2B1E34A100130A29 /* ExternalWeblinkView.swift */,
				176888E22B1E41E700130A29 /* VideoListItemView.swift */,
				176888E42B1E4DF300130A29 /* VideoPlayerView.swift */,
				176888EB2B1E5E7C00130A29 /* MapAnnotationView.swift */,
				176888ED2B1E79AC00130A29 /* MotionAnimationView.swift */,
				174FE2012B22714400A60AC0 /* AnimalGridItemView.swift */,
				176D8F882B2DB7C700DAD47F /* Credits.swift */,
			);
			path = View;
			sourceTree = "<group>";
		};
		173C4E8D2B161E6200576AF9 /* Model */ = {
			isa = PBXGroup;
			children = (
				173C4E8E2B161E7C00576AF9 /* CoverImageModel.swift */,
				173C4E952B16291400576AF9 /* AnimalModel.swift */,
				176888E02B1E411600130A29 /* VideoModel.swift */,
				176888E92B1E561700130A29 /* LocationModel.swift */,
			);
			path = Model;
			sourceTree = "<group>";
		};
		173C4E902B16201600576AF9 /* Extension */ = {
			isa = PBXGroup;
			children = (
				173C4E912B16203F00576AF9 /* CodableBundleExtension.swift */,
			);
			path = Extension;
			sourceTree = "<group>";
		};
		174FE2062B2279E500A60AC0 /* Stickers */ = {
			isa = PBXGroup;
			children = (
				174FE2072B2279E800A60AC0 /* Stickers.xcassets */,
				174FE2092B2279E800A60AC0 /* Info.plist */,
			);
			path = Stickers;
			sourceTree = "<group>";
		};
		176888E62B1E4F2A00130A29 /* Helper */ = {
			isa = PBXGroup;
			children = (
				176888E72B1E4F4200130A29 /* VideoPlayerHelper.swift */,
			);
			path = Helper;
			sourceTree = "<group>";
		};
/* End PBXGroup section */

/* Begin PBXNativeTarget section */
		173C4E502B160F6000576AF9 /* Africa */ = {
			isa = PBXNativeTarget;
			buildConfigurationList = 173C4E5F2B160F6200576AF9 /* Build configuration list for PBXNativeTarget "Africa" */;
			buildPhases = (
				173C4E4D2B160F6000576AF9 /* Sources */,
				173C4E4E2B160F6000576AF9 /* Frameworks */,
				173C4E4F2B160F6000576AF9 /* Resources */,
				174FE2102B2279E800A60AC0 /* Embed Foundation Extensions */,
			);
			buildRules = (
			);
			dependencies = (
				174FE20B2B2279E800A60AC0 /* PBXTargetDependency */,
			);
			name = Africa;
			productName = Africa;
			productReference = 173C4E512B160F6000576AF9 /* Africa.app */;
			productType = "com.apple.product-type.application";
		};
		174FE2042B2279E500A60AC0 /* Stickers */ = {
			isa = PBXNativeTarget;
			buildConfigurationList = 174FE20D2B2279E800A60AC0 /* Build configuration list for PBXNativeTarget "Stickers" */;
			buildPhases = (
				174FE2032B2279E500A60AC0 /* Resources */,
			);
			buildRules = (
			);
			dependencies = (
			);
			name = Stickers;
			productName = Stickers;
			productReference = 174FE2052B2279E500A60AC0 /* Stickers.appex */;
			productType = "com.apple.product-type.app-extension.messages-sticker-pack";
		};
/* End PBXNativeTarget section */

/* Begin PBXProject section */
		173C4E492B160F6000576AF9 /* Project object */ = {
			isa = PBXProject;
			attributes = {
				BuildIndependentTargetsInParallel = 1;
				LastSwiftUpdateCheck = 1500;
				LastUpgradeCheck = 1500;
				TargetAttributes = {
					173C4E502B160F6000576AF9 = {
						CreatedOnToolsVersion = 15.0.1;
					};
					174FE2042B2279E500A60AC0 = {
						CreatedOnToolsVersion = 15.0.1;
					};
				};
			};
			buildConfigurationList = 173C4E4C2B160F6000576AF9 /* Build configuration list for PBXProject "Africa" */;
			compatibilityVersion = "Xcode 14.0";
			developmentRegion = en;
			hasScannedForEncodings = 0;
			knownRegions = (
				en,
				Base,
			);
			mainGroup = 173C4E482B160F6000576AF9;
			productRefGroup = 173C4E522B160F6000576AF9 /* Products */;
			projectDirPath = "";
			projectRoot = "";
			targets = (
				173C4E502B160F6000576AF9 /* Africa */,
				174FE2042B2279E500A60AC0 /* Stickers */,
			);
		};
/* End PBXProject section */

/* Begin PBXResourcesBuildPhase section */
		173C4E4F2B160F6000576AF9 /* Resources */ = {
			isa = PBXResourcesBuildPhase;
			buildActionMask = 2147483647;
			files = (
				173C4E5C2B160F6200576AF9 /* Preview Assets.xcassets in Resources */,
				173C4E592B160F6200576AF9 /* Assets.xcassets in Resources */,
				173C4E712B16121000576AF9 /* hippo.mp4 in Resources */,
				173C4E6F2B16121000576AF9 /* lioness.mp4 in Resources */,
				173C4E7C2B16128600576AF9 /* videos.json in Resources */,
				173C4E7F2B16128600576AF9 /* covers.json in Resources */,
				173C4E762B16121000576AF9 /* gorilla.mp4 in Resources */,
				173C4E6E2B16121000576AF9 /* giraffe.mp4 in Resources */,
				173C4E7E2B16128600576AF9 /* locations.json in Resources */,
				173C4E7D2B16128600576AF9 /* animals.json in Resources */,
				173C4E702B16121000576AF9 /* zebra.mp4 in Resources */,
				173C4E722B16121000576AF9 /* ostrich.mp4 in Resources */,
				173C4E732B16121000576AF9 /* lion.mp4 in Resources */,
				173C4E742B16121000576AF9 /* rhino.mp4 in Resources */,
				173C4E6D2B16121000576AF9 /* elephant.mp4 in Resources */,
				173C4E752B16121000576AF9 /* cheetah.mp4 in Resources */,
			);
			runOnlyForDeploymentPostprocessing = 0;
		};
		174FE2032B2279E500A60AC0 /* Resources */ = {
			isa = PBXResourcesBuildPhase;
			buildActionMask = 2147483647;
			files = (
				174FE2082B2279E800A60AC0 /* Stickers.xcassets in Resources */,
			);
			runOnlyForDeploymentPostprocessing = 0;
		};
/* End PBXResourcesBuildPhase section */

/* Begin PBXSourcesBuildPhase section */
		173C4E4D2B160F6000576AF9 /* Sources */ = {
			isa = PBXSourcesBuildPhase;
			buildActionMask = 2147483647;
			files = (
				176888DF2B1E34A100130A29 /* ExternalWeblinkView.swift in Sources */,
				173C4E572B160F6000576AF9 /* ContentView.swift in Sources */,
				173C4E942B1626FD00576AF9 /* AnimalListItemView.swift in Sources */,
				173C4E892B16157200576AF9 /* MainView.swift in Sources */,
				176888DB2B1E2C8600130A29 /* InsetFactView.swift in Sources */,
				173C4E8C2B161BA800576AF9 /* CoverImageView.swift in Sources */,
				173C4E8F2B161E7C00576AF9 /* CoverImageModel.swift in Sources */,
				1700D3FD2B1E130A0095DF77 /* AnimalDetailView.swift in Sources */,
				173C4E962B16291400576AF9 /* AnimalModel.swift in Sources */,
				173C4E852B16153A00576AF9 /* MapView.swift in Sources */,
				176888E82B1E4F4200130A29 /* VideoPlayerHelper.swift in Sources */,
				176888DD2B1E308B00130A29 /* InsetMapView.swift in Sources */,
				173C4E552B160F6000576AF9 /* AfricaApp.swift in Sources */,
				176888EC2B1E5E7C00130A29 /* MapAnnotationView.swift in Sources */,
				173C4E832B16151F00576AF9 /* VideoListView.swift in Sources */,
				176888E12B1E411600130A29 /* VideoModel.swift in Sources */,
				176D8F892B2DB7C700DAD47F /* Credits.swift in Sources */,
				173C4E872B16154900576AF9 /* GalleryView.swift in Sources */,
				176888EA2B1E561700130A29 /* LocationModel.swift in Sources */,
				174FE2022B22714400A60AC0 /* AnimalGridItemView.swift in Sources */,
				1700D4012B1E19650095DF77 /* InsetGalleryView.swift in Sources */,
				176888E32B1E41E700130A29 /* VideoListItemView.swift in Sources */,
				173C4E922B16203F00576AF9 /* CodableBundleExtension.swift in Sources */,
				176888EE2B1E79AC00130A29 /* MotionAnimationView.swift in Sources */,
				1731382F2B2DBBD900036093 /* CenterModifier.swift in Sources */,
				1700D3FF2B1E17A80095DF77 /* HeadingView.swift in Sources */,
				176888E52B1E4DF300130A29 /* VideoPlayerView.swift in Sources */,
			);
			runOnlyForDeploymentPostprocessing = 0;
		};
/* End PBXSourcesBuildPhase section */

/* Begin PBXTargetDependency section */
		174FE20B2B2279E800A60AC0 /* PBXTargetDependency */ = {
			isa = PBXTargetDependency;
			target = 174FE2042B2279E500A60AC0 /* Stickers */;
			targetProxy = 174FE20A2B2279E800A60AC0 /* PBXContainerItemProxy */;
		};
/* End PBXTargetDependency section */

/* Begin XCBuildConfiguration section */
		173C4E5D2B160F6200576AF9 /* Debug */ = {
			isa = XCBuildConfiguration;
			buildSettings = {
				ALWAYS_SEARCH_USER_PATHS = NO;
				ASSETCATALOG_COMPILER_GENERATE_SWIFT_ASSET_SYMBOL_EXTENSIONS = YES;
				CLANG_ANALYZER_NONNULL = YES;
				CLANG_ANALYZER_NUMBER_OBJECT_CONVERSION = YES_AGGRESSIVE;
				CLANG_CXX_LANGUAGE_STANDARD = "gnu++20";
				CLANG_ENABLE_MODULES = YES;
				CLANG_ENABLE_OBJC_ARC = YES;
				CLANG_ENABLE_OBJC_WEAK = YES;
				CLANG_WARN_BLOCK_CAPTURE_AUTORELEASING = YES;
				CLANG_WARN_BOOL_CONVERSION = YES;
				CLANG_WARN_COMMA = YES;
				CLANG_WARN_CONSTANT_CONVERSION = YES;
				CLANG_WARN_DEPRECATED_OBJC_IMPLEMENTATIONS = YES;
				CLANG_WARN_DIRECT_OBJC_ISA_USAGE = YES_ERROR;
				CLANG_WARN_DOCUMENTATION_COMMENTS = YES;
				CLANG_WARN_EMPTY_BODY = YES;
				CLANG_WARN_ENUM_CONVERSION = YES;
				CLANG_WARN_INFINITE_RECURSION = YES;
				CLANG_WARN_INT_CONVERSION = YES;
				CLANG_WARN_NON_LITERAL_NULL_CONVERSION = YES;
				CLANG_WARN_OBJC_IMPLICIT_RETAIN_SELF = YES;
				CLANG_WARN_OBJC_LITERAL_CONVERSION = YES;
				CLANG_WARN_OBJC_ROOT_CLASS = YES_ERROR;
				CLANG_WARN_QUOTED_INCLUDE_IN_FRAMEWORK_HEADER = YES;
				CLANG_WARN_RANGE_LOOP_ANALYSIS = YES;
				CLANG_WARN_STRICT_PROTOTYPES = YES;
				CLANG_WARN_SUSPICIOUS_MOVE = YES;
				CLANG_WARN_UNGUARDED_AVAILABILITY = YES_AGGRESSIVE;
				CLANG_WARN_UNREACHABLE_CODE = YES;
				CLANG_WARN__DUPLICATE_METHOD_MATCH = YES;
				COPY_PHASE_STRIP = NO;
				DEBUG_INFORMATION_FORMAT = dwarf;
				ENABLE_STRICT_OBJC_MSGSEND = YES;
				ENABLE_TESTABILITY = YES;
				ENABLE_USER_SCRIPT_SANDBOXING = YES;
				GCC_C_LANGUAGE_STANDARD = gnu17;
				GCC_DYNAMIC_NO_PIC = NO;
				GCC_NO_COMMON_BLOCKS = YES;
				GCC_OPTIMIZATION_LEVEL = 0;
				GCC_PREPROCESSOR_DEFINITIONS = (
					"DEBUG=1",
					"$(inherited)",
				);
				GCC_WARN_64_TO_32_BIT_CONVERSION = YES;
				GCC_WARN_ABOUT_RETURN_TYPE = YES_ERROR;
				GCC_WARN_UNDECLARED_SELECTOR = YES;
				GCC_WARN_UNINITIALIZED_AUTOS = YES_AGGRESSIVE;
				GCC_WARN_UNUSED_FUNCTION = YES;
				GCC_WARN_UNUSED_VARIABLE = YES;
				IPHONEOS_DEPLOYMENT_TARGET = 17.0;
				LOCALIZATION_PREFERS_STRING_CATALOGS = YES;
				MTL_ENABLE_DEBUG_INFO = INCLUDE_SOURCE;
				MTL_FAST_MATH = YES;
				ONLY_ACTIVE_ARCH = YES;
				SDKROOT = iphoneos;
				SWIFT_ACTIVE_COMPILATION_CONDITIONS = "DEBUG $(inherited)";
				SWIFT_OPTIMIZATION_LEVEL = "-Onone";
			};
			name = Debug;
		};
		173C4E5E2B160F6200576AF9 /* Release */ = {
			isa = XCBuildConfiguration;
			buildSettings = {
				ALWAYS_SEARCH_USER_PATHS = NO;
				ASSETCATALOG_COMPILER_GENERATE_SWIFT_ASSET_SYMBOL_EXTENSIONS = YES;
				CLANG_ANALYZER_NONNULL = YES;
				CLANG_ANALYZER_NUMBER_OBJECT_CONVERSION = YES_AGGRESSIVE;
				CLANG_CXX_LANGUAGE_STANDARD = "gnu++20";
				CLANG_ENABLE_MODULES = YES;
				CLANG_ENABLE_OBJC_ARC = YES;
				CLANG_ENABLE_OBJC_WEAK = YES;
				CLANG_WARN_BLOCK_CAPTURE_AUTORELEASING = YES;
				CLANG_WARN_BOOL_CONVERSION = YES;
				CLANG_WARN_COMMA = YES;
				CLANG_WARN_CONSTANT_CONVERSION = YES;
				CLANG_WARN_DEPRECATED_OBJC_IMPLEMENTATIONS = YES;
				CLANG_WARN_DIRECT_OBJC_ISA_USAGE = YES_ERROR;
				CLANG_WARN_DOCUMENTATION_COMMENTS = YES;
				CLANG_WARN_EMPTY_BODY = YES;
				CLANG_WARN_ENUM_CONVERSION = YES;
				CLANG_WARN_INFINITE_RECURSION = YES;
				CLANG_WARN_INT_CONVERSION = YES;
				CLANG_WARN_NON_LITERAL_NULL_CONVERSION = YES;
				CLANG_WARN_OBJC_IMPLICIT_RETAIN_SELF = YES;
				CLANG_WARN_OBJC_LITERAL_CONVERSION = YES;
				CLANG_WARN_OBJC_ROOT_CLASS = YES_ERROR;
				CLANG_WARN_QUOTED_INCLUDE_IN_FRAMEWORK_HEADER = YES;
				CLANG_WARN_RANGE_LOOP_ANALYSIS = YES;
				CLANG_WARN_STRICT_PROTOTYPES = YES;
				CLANG_WARN_SUSPICIOUS_MOVE = YES;
				CLANG_WARN_UNGUARDED_AVAILABILITY = YES_AGGRESSIVE;
				CLANG_WARN_UNREACHABLE_CODE = YES;
				CLANG_WARN__DUPLICATE_METHOD_MATCH = YES;
				COPY_PHASE_STRIP = NO;
				DEBUG_INFORMATION_FORMAT = "dwarf-with-dsym";
				ENABLE_NS_ASSERTIONS = NO;
				ENABLE_STRICT_OBJC_MSGSEND = YES;
				ENABLE_USER_SCRIPT_SANDBOXING = YES;
				GCC_C_LANGUAGE_STANDARD = gnu17;
				GCC_NO_COMMON_BLOCKS = YES;
				GCC_WARN_64_TO_32_BIT_CONVERSION = YES;
				GCC_WARN_ABOUT_RETURN_TYPE = YES_ERROR;
				GCC_WARN_UNDECLARED_SELECTOR = YES;
				GCC_WARN_UNINITIALIZED_AUTOS = YES_AGGRESSIVE;
				GCC_WARN_UNUSED_FUNCTION = YES;
				GCC_WARN_UNUSED_VARIABLE = YES;
				IPHONEOS_DEPLOYMENT_TARGET = 17.0;
				LOCALIZATION_PREFERS_STRING_CATALOGS = YES;
				MTL_ENABLE_DEBUG_INFO = NO;
				MTL_FAST_MATH = YES;
				SDKROOT = iphoneos;
				SWIFT_COMPILATION_MODE = wholemodule;
				VALIDATE_PRODUCT = YES;
			};
			name = Release;
		};
		173C4E602B160F6200576AF9 /* Debug */ = {
			isa = XCBuildConfiguration;
			buildSettings = {
				ASSETCATALOG_COMPILER_APPICON_NAME = AppIcon;
				ASSETCATALOG_COMPILER_GLOBAL_ACCENT_COLOR_NAME = AccentColor;
				CODE_SIGN_STYLE = Automatic;
				CURRENT_PROJECT_VERSION = 1;
				DEVELOPMENT_ASSET_PATHS = "\"Africa/Preview Content\"";
				DEVELOPMENT_TEAM = 4BN8YQ34A6;
				ENABLE_PREVIEWS = YES;
				GENERATE_INFOPLIST_FILE = YES;
				INFOPLIST_FILE = Africa/Info.plist;
				INFOPLIST_KEY_UIApplicationSceneManifest_Generation = YES;
				INFOPLIST_KEY_UIApplicationSupportsIndirectInputEvents = YES;
				INFOPLIST_KEY_UISupportedInterfaceOrientations_iPad = "UIInterfaceOrientationPortrait UIInterfaceOrientationPortraitUpsideDown UIInterfaceOrientationLandscapeLeft UIInterfaceOrientationLandscapeRight";
				INFOPLIST_KEY_UISupportedInterfaceOrientations_iPhone = "UIInterfaceOrientationPortrait UIInterfaceOrientationLandscapeLeft UIInterfaceOrientationLandscapeRight";
				INFOPLIST_KEY_UIUserInterfaceStyle = Dark;
				LD_RUNPATH_SEARCH_PATHS = (
					"$(inherited)",
					"@executable_path/Frameworks",
				);
				MARKETING_VERSION = 1.0;
				PRODUCT_BUNDLE_IDENTIFIER = com.qwertikkk.Africa;
				PRODUCT_NAME = "$(TARGET_NAME)";
				SUPPORTED_PLATFORMS = "iphoneos iphonesimulator";
				SUPPORTS_MACCATALYST = NO;
				SUPPORTS_MAC_DESIGNED_FOR_IPHONE_IPAD = YES;
				SWIFT_EMIT_LOC_STRINGS = YES;
				SWIFT_VERSION = 5.0;
				TARGETED_DEVICE_FAMILY = "1,2";
			};
			name = Debug;
		};
		173C4E612B160F6200576AF9 /* Release */ = {
			isa = XCBuildConfiguration;
			buildSettings = {
				ASSETCATALOG_COMPILER_APPICON_NAME = AppIcon;
				ASSETCATALOG_COMPILER_GLOBAL_ACCENT_COLOR_NAME = AccentColor;
				CODE_SIGN_STYLE = Automatic;
				CURRENT_PROJECT_VERSION = 1;
				DEVELOPMENT_ASSET_PATHS = "\"Africa/Preview Content\"";
				DEVELOPMENT_TEAM = 4BN8YQ34A6;
				ENABLE_PREVIEWS = YES;
				GENERATE_INFOPLIST_FILE = YES;
				INFOPLIST_FILE = Africa/Info.plist;
				INFOPLIST_KEY_UIApplicationSceneManifest_Generation = YES;
				INFOPLIST_KEY_UIApplicationSupportsIndirectInputEvents = YES;
				INFOPLIST_KEY_UISupportedInterfaceOrientations_iPad = "UIInterfaceOrientationPortrait UIInterfaceOrientationPortraitUpsideDown UIInterfaceOrientationLandscapeLeft UIInterfaceOrientationLandscapeRight";
				INFOPLIST_KEY_UISupportedInterfaceOrientations_iPhone = "UIInterfaceOrientationPortrait UIInterfaceOrientationLandscapeLeft UIInterfaceOrientationLandscapeRight";
				INFOPLIST_KEY_UIUserInterfaceStyle = Dark;
				LD_RUNPATH_SEARCH_PATHS = (
					"$(inherited)",
					"@executable_path/Frameworks",
				);
				MARKETING_VERSION = 1.0;
				PRODUCT_BUNDLE_IDENTIFIER = com.qwertikkk.Africa;
				PRODUCT_NAME = "$(TARGET_NAME)";
				SUPPORTED_PLATFORMS = "iphoneos iphonesimulator";
				SUPPORTS_MACCATALYST = NO;
				SUPPORTS_MAC_DESIGNED_FOR_IPHONE_IPAD = YES;
				SWIFT_EMIT_LOC_STRINGS = YES;
				SWIFT_VERSION = 5.0;
				TARGETED_DEVICE_FAMILY = "1,2";
			};
			name = Release;
		};
		174FE20E2B2279E800A60AC0 /* Debug */ = {
			isa = XCBuildConfiguration;
			buildSettings = {
				ASSETCATALOG_COMPILER_APPICON_NAME = "iMessage App Icon";
				CODE_SIGN_IDENTITY = "Apple Development";
				CODE_SIGN_STYLE = Automatic;
				CURRENT_PROJECT_VERSION = 1;
				DEVELOPMENT_TEAM = 4BN8YQ34A6;
				GENERATE_INFOPLIST_FILE = YES;
				INFOPLIST_FILE = Stickers/Info.plist;
				INFOPLIST_KEY_CFBundleDisplayName = Africa;
				INFOPLIST_KEY_NSStickerSharingLevel = OS;
				MARKETING_VERSION = 1.0;
				PRODUCT_BUNDLE_IDENTIFIER = com.qwertikkk.Africa.Stickers;
				PRODUCT_NAME = "$(TARGET_NAME)";
				PROVISIONING_PROFILE_SPECIFIER = "";
				SKIP_INSTALL = YES;
				SWIFT_EMIT_LOC_STRINGS = YES;
				TARGETED_DEVICE_FAMILY = "1,2";
			};
			name = Debug;
		};
		174FE20F2B2279E800A60AC0 /* Release */ = {
			isa = XCBuildConfiguration;
			buildSettings = {
				ASSETCATALOG_COMPILER_APPICON_NAME = "iMessage App Icon";
				CODE_SIGN_IDENTITY = "Apple Development";
				CODE_SIGN_STYLE = Automatic;
				CURRENT_PROJECT_VERSION = 1;
				DEVELOPMENT_TEAM = 4BN8YQ34A6;
				GENERATE_INFOPLIST_FILE = YES;
				INFOPLIST_FILE = Stickers/Info.plist;
				INFOPLIST_KEY_CFBundleDisplayName = Africa;
				INFOPLIST_KEY_NSStickerSharingLevel = OS;
				MARKETING_VERSION = 1.0;
				PRODUCT_BUNDLE_IDENTIFIER = com.qwertikkk.Africa.Stickers;
				PRODUCT_NAME = "$(TARGET_NAME)";
				PROVISIONING_PROFILE_SPECIFIER = "";
				SKIP_INSTALL = YES;
				SWIFT_EMIT_LOC_STRINGS = YES;
				TARGETED_DEVICE_FAMILY = "1,2";
			};
			name = Release;
		};
/* End XCBuildConfiguration section */

/* Begin XCConfigurationList section */
		173C4E4C2B160F6000576AF9 /* Build configuration list for PBXProject "Africa" */ = {
			isa = XCConfigurationList;
			buildConfigurations = (
				173C4E5D2B160F6200576AF9 /* Debug */,
				173C4E5E2B160F6200576AF9 /* Release */,
			);
			defaultConfigurationIsVisible = 0;
			defaultConfigurationName = Release;
		};
		173C4E5F2B160F6200576AF9 /* Build configuration list for PBXNativeTarget "Africa" */ = {
			isa = XCConfigurationList;
			buildConfigurations = (
				173C4E602B160F6200576AF9 /* Debug */,
				173C4E612B160F6200576AF9 /* Release */,
			);
			defaultConfigurationIsVisible = 0;
			defaultConfigurationName = Release;
		};
		174FE20D2B2279E800A60AC0 /* Build configuration list for PBXNativeTarget "Stickers" */ = {
			isa = XCConfigurationList;
			buildConfigurations = (
				174FE20E2B2279E800A60AC0 /* Debug */,
				174FE20F2B2279E800A60AC0 /* Release */,
			);
			defaultConfigurationIsVisible = 0;
			defaultConfigurationName = Release;
		};
/* End XCConfigurationList section */
	};
	rootObject = 173C4E492B160F6000576AF9 /* Project object */;
}
